
Microsoft Visual Studio Solution File, Format Version 12.00
# Visual Studio 15
Project("{FAE04EC0-301F-11D3-BF4B-00C04F79EFBC}") = "Assembly-CSharp", "Assembly-CSharp.csproj", "{5B391259-9FD7-6541-3EAD-2D6EB36D7BD5}"
EndProject
Project("{FAE04EC0-301F-11D3-BF4B-00C04F79EFBC}") = "Assembly-CSharp-firstpass", "Assembly-CSharp-firstpass.csproj", "{3E740EEE-F1A5-1BFB-FA65-7DF620AECE6F}"
EndProject
Project("{FAE04EC0-301F-11D3-BF4B-00C04F79EFBC}") = "Assembly-CSharp-Editor", "Assembly-CSharp-Editor.csproj", "{437D1465-E1EF-0012-FADD-1437491F9360}"
EndProject
Project("{FAE04EC0-301F-11D3-BF4B-00C04F79EFBC}") = "Assembly-CSharp-Editor-firstpass", "Assembly-CSharp-Editor-firstpass.csproj", "{98BF129E-9D02-3714-5BC9-C1E3B54D86CC}"
EndProject
Global
	GlobalSection(SolutionConfigurationPlatforms) = preSolution
		Debug|Any CPU = Debug|Any CPU
		Release|Any CPU = Release|Any CPU
	EndGlobalSection
	GlobalSection(ProjectConfigurationPlatforms) = postSolution
		{5B391259-9FD7-6541-3EAD-2D6EB36D7BD5}.Debug|Any CPU.ActiveCfg = Debug|Any CPU
		{5B391259-9FD7-6541-3EAD-2D6EB36D7BD5}.Debug|Any CPU.Build.0 = Debug|Any CPU
		{5B391259-9FD7-6541-3EAD-2D6EB36D7BD5}.Release|Any CPU.ActiveCfg = Release|Any CPU
		{5B391259-9FD7-6541-3EAD-2D6EB36D7BD5}.Release|Any CPU.Build.0 = Release|Any CPU
		{3E740EEE-F1A5-1BFB-FA65-7DF620AECE6F}.Debug|Any CPU.ActiveCfg = Debug|Any CPU
		{3E740EEE-F1A5-1BFB-FA65-7DF620AECE6F}.Debug|Any CPU.Build.0 = Debug|Any CPU
		{3E740EEE-F1A5-1BFB-FA65-7DF620AECE6F}.Release|Any CPU.ActiveCfg = Release|Any CPU
		{3E740EEE-F1A5-1BFB-FA65-7DF620AECE6F}.Release|Any CPU.Build.0 = Release|Any CPU
		{437D1465-E1EF-0012-FADD-1437491F9360}.Debug|Any CPU.ActiveCfg = Debug|Any CPU
		{437D1465-E1EF-0012-FADD-1437491F9360}.Debug|Any CPU.Build.0 = Debug|Any CPU
		{437D1465-E1EF-0012-FADD-1437491F9360}.Release|Any CPU.ActiveCfg = Release|Any CPU
		{437D1465-E1EF-0012-FADD-1437491F9360}.Release|Any CPU.Build.0 = Release|Any CPU
		{98BF129E-9D02-3714-5BC9-C1E3B54D86CC}.Debug|Any CPU.ActiveCfg = Debug|Any CPU
		{98BF129E-9D02-3714-5BC9-C1E3B54D86CC}.Debug|Any CPU.Build.0 = Debug|Any CPU
		{98BF129E-9D02-3714-5BC9-C1E3B54D86CC}.Release|Any CPU.ActiveCfg = Release|Any CPU
		{98BF129E-9D02-3714-5BC9-C1E3B54D86CC}.Release|Any CPU.Build.0 = Release|Any CPU
	EndGlobalSection
	GlobalSection(SolutionProperties) = preSolution
		HideSolutionNode = FALSE
	EndGlobalSection
EndGlobal
